
Microsoft Visual Studio Solution File, Format Version 12.00
# Visual Studio Version 17
VisualStudioVersion = 17.7.34031.279
MinimumVisualStudioVersion = 10.0.40219.1
Project("{FAE04EC0-301F-11D3-BF4B-00C04F79EFBC}") = "WpfApp3", "WpfApp3\WpfApp3.csproj", "{9C798F73-2ED6-4784-B1E7-255698F1572C}"
EndProject
Global
	GlobalSection(SolutionConfigurationPlatforms) = preSolution
		Debug|Any CPU = Debug|Any CPU
		Release|Any CPU = Release|Any CPU
	EndGlobalSection
	GlobalSection(ProjectConfigurationPlatforms) = postSolution
		{9C798F73-2ED6-4784-B1E7-255698F1572C}.Debug|Any CPU.ActiveCfg = Debug|Any CPU
		{9C798F73-2ED6-4784-B1E7-255698F1572C}.Debug|Any CPU.Build.0 = Debug|Any CPU
		{9C798F73-2ED6-4784-B1E7-255698F1572C}.Release|Any CPU.ActiveCfg = Release|Any CPU
		{9C798F73-2ED6-4784-B1E7-255698F1572C}.Release|Any CPU.Build.0 = Release|Any CPU
	EndGlobalSection
	GlobalSection(SolutionProperties) = preSolution
		HideSolutionNode = FALSE
	EndGlobalSection
	GlobalSection(ExtensibilityGlobals) = postSolution
		SolutionGuid = {50BD88AF-CED0-48A6-9B40-C78E33961CC3}
	EndGlobalSection
EndGlobal
